{
  "name": "aws-fun-final",
  "version": "0.0.0",
  "lockfileVersion": 1,
  "requires": true,
  "dependencies": {
    "@uirouter/angularjs": {
      "version": "1.0.16",
      "resolved": "https://registry.npmjs.org/@uirouter/angularjs/-/angularjs-1.0.16.tgz",
      "integrity": "sha512-LqZ0YyVT4RzymKGGjECPbhlRYjD2XNMVm6hCE7SbPD6v492/QJL2nairrFumfUZIlwlut/1q9aEByyIbC5FSdQ==",
      "dependencies": {
        "@uirouter/core": {
          "version": "5.0.18",
          "resolved": "https://registry.npmjs.org/@uirouter/core/-/core-5.0.18.tgz",
          "integrity": "sha512-w2T2wYc6XEq7pkv3SFEXVq2IzuCrJytU21S/S9VggwOjnRHO712P+T+LLcSFLJJis2UE51mJXW9xBFSUmS3hhQ=="
        }
      }
    },
    "angular": {
      "version": "1.7.9",
      "resolved": "https://registry.npmjs.org/angular/-/angular-1.7.9.tgz",
      "integrity": "sha512-5se7ZpcOtu0MBFlzGv5dsM1quQDoDeUTwZrWjGtTNA7O88cD8TEk5IEKCTDa3uECV9XnvKREVUr7du1ACiWGFQ=="
    },
    "angular-animate": {
      "version": "1.6.10",
      "resolved": "https://registry.npmjs.org/angular-animate/-/angular-animate-1.6.10.tgz",
      "integrity": "sha512-RU9ZJbTspq0W0x675H5k1DeSgKbAFfp2aiYoNGdlD+wQNKvwwMR5ho+EkDKkx9zE02a5goe8Z6EhhYPQSff9dA=="
    },
    "angular-aria": {
      "version": "1.6.10",
      "resolved": "https://registry.npmjs.org/angular-aria/-/angular-aria-1.6.10.tgz",
      "integrity": "sha512-QO+jSbsnGxLhULD8syFvfH0sQVCKCwDPDCd130ou11HYw4D8vAaU/NG6ufcmnh9XJHTcngAaBe3VVfZefMkiBA=="
    },
    "angular-material": {
      "version": "1.1.9",
      "resolved": "https://registry.npmjs.org/angular-material/-/angular-material-1.1.9.tgz",
      "integrity": "sha512-kxyigi+7823k/31qQ0j6wL5FkCe/mw2bAg1kfEFzIvhUoe5Myr+0YoQyN8D8EGaaOyolXU/VPtxgKSfOCSLEBw=="
    },
    "angular-messages": {
      "version": "1.6.10",
      "resolved": "https://registry.npmjs.org/angular-messages/-/angular-messages-1.6.10.tgz",
      "integrity": "sha512-FpILIYqeBj2fP5U5txnO/cneeKZxdF+WqpBo7tgHXl2BmOVVWKUCEjMmByouYxwn9PFLeipBPjaaDs2/eB/m5A=="
    },
    "angular-ui-router": {
      "version": "1.0.3",
      "resolved": "https://registry.npmjs.org/angular-ui-router/-/angular-ui-router-1.0.3.tgz",
      "integrity": "sha1-vySUyq6Vw3zwGvN2HYl0fP7S20U="
    },
    "aws-sdk": {
      "version": "2.236.1",
      "resolved": "https://registry.npmjs.org/aws-sdk/-/aws-sdk-2.236.1.tgz",
      "integrity": "sha1-k8Rfn/G2IlgMYf5F8rcytodw4Ks="
    },
    "cookie-parser": {
      "version": "1.4.3",
      "resolved": "https://registry.npmjs.org/cookie-parser/-/cookie-parser-1.4.3.tgz",
      "integrity": "sha1-D+MfoZ0AC5X0qt8fU/3CuKIDuqU="
    },
    "debug": {
      "version": "2.6.9",
      "resolved": "https://registry.npmjs.org/debug/-/debug-2.6.9.tgz",
      "integrity": "sha512-bC7ElrdJaJnPbAP+1EotYvqZsb3ecl5wi6Bfi6BJTUcNowp6cvspg0jXznRTKDjm/E7AdgFBVeAPVMNcKGsHMA=="
    },
    "ejs": {
      "version": "2.5.9",
      "resolved": "https://registry.npmjs.org/ejs/-/ejs-2.5.9.tgz",
      "integrity": "sha512-GJCAeDBKfREgkBtgrYSf9hQy9kTb3helv0zGdzqhM7iAkW8FA/ZF97VQDbwFiwIT8MQLLOe5VlPZOEvZAqtUAQ=="
    },
    "express": {
      "version": "4.16.3",
      "resolved": "https://registry.npmjs.org/express/-/express-4.16.3.tgz",
      "integrity": "sha1-avilAjUNsyRuzEvs9rWjTSL37VM="
    },
    "grunt": {
      "version": "1.0.2",
      "resolved": "https://registry.npmjs.org/grunt/-/grunt-1.0.2.tgz",
      "integrity": "sha1-TmpeaVtwRy/VME9fqeNCNoNqc7w=",
      "dev": true,
      "dependencies": {
        "grunt-cli": {
          "version": "1.2.0",
          "resolved": "https://registry.npmjs.org/grunt-cli/-/grunt-cli-1.2.0.tgz",
          "integrity": "sha1-VisRnrsGndtGSs4oRVAb6Xs1tqg="
        }
      }
    },
    "grunt-contrib-concat": {
      "version": "1.0.1",
      "resolved": "https://registry.npmjs.org/grunt-contrib-concat/-/grunt-contrib-concat-1.0.1.tgz",
      "integrity": "sha1-YVCYYwhOhx1+ht5IwBUlntl3Rb0=",
      "dev": true
    },
    "http-errors": {
      "version": "1.6.3",
      "resolved": "https://registry.npmjs.org/http-errors/-/http-errors-1.6.3.tgz",
      "integrity": "sha1-i1VoC7S+KDoLW/TqLjhYC+HZMg0="
    },
    "morgan": {
      "version": "1.9.0",
      "resolved": "https://registry.npmjs.org/morgan/-/morgan-1.9.0.tgz",
      "integrity": "sha1-0B+mxlhZt2/PMbPLU6OCGjEdgFE="
    }
  }
}
